// !$*UTF8*$!
{
	archiveVersion = 1;
	classes = {
	};
	objectVersion = 51;
	objects = {

/* Begin PBXBuildFile section */
		289E67E98B8C58CA62F18815 /* Pods_Meals_App.framework in Frameworks */ = {isa = PBXBuildFile; fileRef = 8AF853AFA911087274E5093F /* Pods_Meals_App.framework */; };
		871602B8239EB10200463134 /* APIManager.swift in Sources */ = {isa = PBXBuildFile; fileRef = 871602B7239EB10200463134 /* APIManager.swift */; };
		871602BA239EB49700463134 /* ErrorManager.swift in Sources */ = {isa = PBXBuildFile; fileRef = 871602B9239EB49700463134 /* ErrorManager.swift */; };
		871602C0239ECBA300463134 /* SearchRecipe.swift in Sources */ = {isa = PBXBuildFile; fileRef = 871602BF239ECBA300463134 /* SearchRecipe.swift */; };
		871602C4239F941300463134 /* URLConfigurator.swift in Sources */ = {isa = PBXBuildFile; fileRef = 871602C3239F941300463134 /* URLConfigurator.swift */; };
		871602C623A0014500463134 /* RecipeInstruction.swift in Sources */ = {isa = PBXBuildFile; fileRef = 871602C523A0014500463134 /* RecipeInstruction.swift */; };
		871602C823A0039F00463134 /* RecipeInfo.swift in Sources */ = {isa = PBXBuildFile; fileRef = 871602C723A0039F00463134 /* RecipeInfo.swift */; };
		871602CA23A0078300463134 /* APIRecipeManager.swift in Sources */ = {isa = PBXBuildFile; fileRef = 871602C923A0078300463134 /* APIRecipeManager.swift */; };
		87554A0B2397C12600A1DC75 /* AppDelegate.swift in Sources */ = {isa = PBXBuildFile; fileRef = 87554A0A2397C12600A1DC75 /* AppDelegate.swift */; };
		87554A0D2397C12600A1DC75 /* SceneDelegate.swift in Sources */ = {isa = PBXBuildFile; fileRef = 87554A0C2397C12600A1DC75 /* SceneDelegate.swift */; };
		87554A122397C12600A1DC75 /* Main.storyboard in Resources */ = {isa = PBXBuildFile; fileRef = 87554A102397C12600A1DC75 /* Main.storyboard */; };
		87554A142397C12800A1DC75 /* Assets.xcassets in Resources */ = {isa = PBXBuildFile; fileRef = 87554A132397C12800A1DC75 /* Assets.xcassets */; };
		87554A172397C12800A1DC75 /* LaunchScreen.storyboard in Resources */ = {isa = PBXBuildFile; fileRef = 87554A152397C12800A1DC75 /* LaunchScreen.storyboard */; };
		87554A2C239A771600A1DC75 /* RecipeCell.xib in Resources */ = {isa = PBXBuildFile; fileRef = 87554A2B239A771600A1DC75 /* RecipeCell.xib */; };
		87554A2E239A772400A1DC75 /* RecipeCell.swift in Sources */ = {isa = PBXBuildFile; fileRef = 87554A2D239A772400A1DC75 /* RecipeCell.swift */; };
		87554A39239A7D1900A1DC75 /* FavouriteViewController.swift in Sources */ = {isa = PBXBuildFile; fileRef = 87554A38239A7D1900A1DC75 /* FavouriteViewController.swift */; };
		87554A43239A83AD00A1DC75 /* SearchResultsController.swift in Sources */ = {isa = PBXBuildFile; fileRef = 87554A40239A83AD00A1DC75 /* SearchResultsController.swift */; };
		87554A44239A83AD00A1DC75 /* SearchViewController.swift in Sources */ = {isa = PBXBuildFile; fileRef = 87554A41239A83AD00A1DC75 /* SearchViewController.swift */; };
		87554A45239A83AD00A1DC75 /* RecentSearchHeader.swift in Sources */ = {isa = PBXBuildFile; fileRef = 87554A42239A83AD00A1DC75 /* RecentSearchHeader.swift */; };
		87554A49239A83BC00A1DC75 /* RecentSearchHeader.xib in Resources */ = {isa = PBXBuildFile; fileRef = 87554A47239A83BC00A1DC75 /* RecentSearchHeader.xib */; };
		87554A4A239A83BC00A1DC75 /* SearchResults.storyboard in Resources */ = {isa = PBXBuildFile; fileRef = 87554A48239A83BC00A1DC75 /* SearchResults.storyboard */; };
		87554A4D239A83C100A1DC75 /* RecentDelegate.swift in Sources */ = {isa = PBXBuildFile; fileRef = 87554A4C239A83C100A1DC75 /* RecentDelegate.swift */; };
		87554A4F239A844900A1DC75 /* RecipeResultsDelegate.swift in Sources */ = {isa = PBXBuildFile; fileRef = 87554A4E239A844900A1DC75 /* RecipeResultsDelegate.swift */; };
		87554A5F239A923200A1DC75 /* InfoCollectionViewCell.swift in Sources */ = {isa = PBXBuildFile; fileRef = 87554A52239A923200A1DC75 /* InfoCollectionViewCell.swift */; };
		87554A60239A923200A1DC75 /* HeaderView.swift in Sources */ = {isa = PBXBuildFile; fileRef = 87554A53239A923200A1DC75 /* HeaderView.swift */; };
		87554A61239A923200A1DC75 /* InfoCollectionView.swift in Sources */ = {isa = PBXBuildFile; fileRef = 87554A54239A923200A1DC75 /* InfoCollectionView.swift */; };
		87554A62239A923200A1DC75 /* InstructionStepView.swift in Sources */ = {isa = PBXBuildFile; fileRef = 87554A55239A923200A1DC75 /* InstructionStepView.swift */; };
		87554A63239A923200A1DC75 /* IngredientsCollectionView.swift in Sources */ = {isa = PBXBuildFile; fileRef = 87554A56239A923200A1DC75 /* IngredientsCollectionView.swift */; };
		87554A64239A923200A1DC75 /* RecipeViewController.swift in Sources */ = {isa = PBXBuildFile; fileRef = 87554A57239A923200A1DC75 /* RecipeViewController.swift */; };
		87554A65239A923200A1DC75 /* IngredientsCollectionViewCell.swift in Sources */ = {isa = PBXBuildFile; fileRef = 87554A58239A923200A1DC75 /* IngredientsCollectionViewCell.swift */; };
		87554A66239A923200A1DC75 /* IngredientsCollectionViewCell.xib in Resources */ = {isa = PBXBuildFile; fileRef = 87554A5B239A923200A1DC75 /* IngredientsCollectionViewCell.xib */; };
		87554A67239A923200A1DC75 /* HeaderView.xib in Resources */ = {isa = PBXBuildFile; fileRef = 87554A5C239A923200A1DC75 /* HeaderView.xib */; };
		87554A68239A923200A1DC75 /* InstructionStepView.xib in Resources */ = {isa = PBXBuildFile; fileRef = 87554A5D239A923200A1DC75 /* InstructionStepView.xib */; };
		87554A69239A923200A1DC75 /* InfoCollectionViewCell.xib in Resources */ = {isa = PBXBuildFile; fileRef = 87554A5E239A923200A1DC75 /* InfoCollectionViewCell.xib */; };
		87554A6B239D074700A1DC75 /* FavouriteViewViewModel.swift in Sources */ = {isa = PBXBuildFile; fileRef = 87554A6A239D074700A1DC75 /* FavouriteViewViewModel.swift */; };
		87554A6D239D0A1F00A1DC75 /* Recipe.swift in Sources */ = {isa = PBXBuildFile; fileRef = 87554A6C239D0A1F00A1DC75 /* Recipe.swift */; };
		87554A70239D0C3400A1DC75 /* Ingredient.swift in Sources */ = {isa = PBXBuildFile; fileRef = 87554A6F239D0C3400A1DC75 /* Ingredient.swift */; };
		87554A77239D11B200A1DC75 /* RecipeViewViewModel.swift in Sources */ = {isa = PBXBuildFile; fileRef = 87554A76239D11B200A1DC75 /* RecipeViewViewModel.swift */; };
		87554A79239D5CED00A1DC75 /* ResultsType.swift in Sources */ = {isa = PBXBuildFile; fileRef = 87554A78239D5CED00A1DC75 /* ResultsType.swift */; };
		87554A7C239D64DF00A1DC75 /* SearchResultsViewViewModel.swift in Sources */ = {isa = PBXBuildFile; fileRef = 87554A7B239D64DF00A1DC75 /* SearchResultsViewViewModel.swift */; };
		87554A7F239D64F900A1DC75 /* SearchViewViewModel.swift in Sources */ = {isa = PBXBuildFile; fileRef = 87554A7E239D64F900A1DC75 /* SearchViewViewModel.swift */; };
		87554A82239D690D00A1DC75 /* Box.swift in Sources */ = {isa = PBXBuildFile; fileRef = 87554A81239D690D00A1DC75 /* Box.swift */; };
		8791BE0023A570490040DEBA /* MealsApp.xcdatamodeld in Sources */ = {isa = PBXBuildFile; fileRef = 8791BDFE23A570490040DEBA /* MealsApp.xcdatamodeld */; };
		8791BE2423A5760C0040DEBA /* CoreDataStack.swift in Sources */ = {isa = PBXBuildFile; fileRef = 8791BE2323A5760C0040DEBA /* CoreDataStack.swift */; };
		8791BE2623A577AD0040DEBA /* RecipeDataManager.swift in Sources */ = {isa = PBXBuildFile; fileRef = 8791BE2523A577AD0040DEBA /* RecipeDataManager.swift */; };
		8791BE2823A63B1E0040DEBA /* HeaderViewDelegate.swift in Sources */ = {isa = PBXBuildFile; fileRef = 8791BE2723A63B1E0040DEBA /* HeaderViewDelegate.swift */; };
		8791BE2A23A7818D0040DEBA /* QueryDelegate.swift in Sources */ = {isa = PBXBuildFile; fileRef = 8791BE2923A7818D0040DEBA /* QueryDelegate.swift */; };
		87AD017123CF213600E5AECB /* RecentSearchManager.swift in Sources */ = {isa = PBXBuildFile; fileRef = 87AD017023CF213600E5AECB /* RecentSearchManager.swift */; };
/* End PBXBuildFile section */

/* Begin PBXFileReference section */
		3000A17937FEF91AF65DE0FF /* Pods-Meals App.release.xcconfig */ = {isa = PBXFileReference; includeInIndex = 1; lastKnownFileType = text.xcconfig; name = "Pods-Meals App.release.xcconfig"; path = "Target Support Files/Pods-Meals App/Pods-Meals App.release.xcconfig"; sourceTree = "<group>"; };
		689F9E07DEEDF542E32A91CE /* Pods-Meals App.debug.xcconfig */ = {isa = PBXFileReference; includeInIndex = 1; lastKnownFileType = text.xcconfig; name = "Pods-Meals App.debug.xcconfig"; path = "Target Support Files/Pods-Meals App/Pods-Meals App.debug.xcconfig"; sourceTree = "<group>"; };
		871602B7239EB10200463134 /* APIManager.swift */ = {isa = PBXFileReference; lastKnownFileType = sourcecode.swift; path = APIManager.swift; sourceTree = "<group>"; };
		871602B9239EB49700463134 /* ErrorManager.swift */ = {isa = PBXFileReference; lastKnownFileType = sourcecode.swift; path = ErrorManager.swift; sourceTree = "<group>"; };
		871602BF239ECBA300463134 /* SearchRecipe.swift */ = {isa = PBXFileReference; lastKnownFileType = sourcecode.swift; path = SearchRecipe.swift; sourceTree = "<group>"; };
		871602C3239F941300463134 /* URLConfigurator.swift */ = {isa = PBXFileReference; lastKnownFileType = sourcecode.swift; path = URLConfigurator.swift; sourceTree = "<group>"; };
		871602C523A0014500463134 /* RecipeInstruction.swift */ = {isa = PBXFileReference; lastKnownFileType = sourcecode.swift; path = RecipeInstruction.swift; sourceTree = "<group>"; };
		871602C723A0039F00463134 /* RecipeInfo.swift */ = {isa = PBXFileReference; lastKnownFileType = sourcecode.swift; path = RecipeInfo.swift; sourceTree = "<group>"; };
		871602C923A0078300463134 /* APIRecipeManager.swift */ = {isa = PBXFileReference; lastKnownFileType = sourcecode.swift; path = APIRecipeManager.swift; sourceTree = "<group>"; };
		87554A072397C12600A1DC75 /* Meals App.app */ = {isa = PBXFileReference; explicitFileType = wrapper.application; includeInIndex = 0; path = "Meals App.app"; sourceTree = BUILT_PRODUCTS_DIR; };
		87554A0A2397C12600A1DC75 /* AppDelegate.swift */ = {isa = PBXFileReference; lastKnownFileType = sourcecode.swift; path = AppDelegate.swift; sourceTree = "<group>"; };
		87554A0C2397C12600A1DC75 /* SceneDelegate.swift */ = {isa = PBXFileReference; lastKnownFileType = sourcecode.swift; path = SceneDelegate.swift; sourceTree = "<group>"; };
		87554A112397C12600A1DC75 /* Base */ = {isa = PBXFileReference; lastKnownFileType = file.storyboard; name = Base; path = Base.lproj/Main.storyboard; sourceTree = "<group>"; };
		87554A132397C12800A1DC75 /* Assets.xcassets */ = {isa = PBXFileReference; lastKnownFileType = folder.assetcatalog; path = Assets.xcassets; sourceTree = "<group>"; };
		87554A162397C12800A1DC75 /* Base */ = {isa = PBXFileReference; lastKnownFileType = file.storyboard; name = Base; path = Base.lproj/LaunchScreen.storyboard; sourceTree = "<group>"; };
		87554A182397C12800A1DC75 /* Info.plist */ = {isa = PBXFileReference; lastKnownFileType = text.plist.xml; path = Info.plist; sourceTree = "<group>"; };
		87554A2B239A771600A1DC75 /* RecipeCell.xib */ = {isa = PBXFileReference; fileEncoding = 4; lastKnownFileType = file.xib; path = RecipeCell.xib; sourceTree = "<group>"; };
		87554A2D239A772400A1DC75 /* RecipeCell.swift */ = {isa = PBXFileReference; fileEncoding = 4; lastKnownFileType = sourcecode.swift; path = RecipeCell.swift; sourceTree = "<group>"; };
		87554A38239A7D1900A1DC75 /* FavouriteViewController.swift */ = {isa = PBXFileReference; fileEncoding = 4; lastKnownFileType = sourcecode.swift; path = FavouriteViewController.swift; sourceTree = "<group>"; };
		87554A40239A83AD00A1DC75 /* SearchResultsController.swift */ = {isa = PBXFileReference; fileEncoding = 4; lastKnownFileType = sourcecode.swift; path = SearchResultsController.swift; sourceTree = "<group>"; };
		87554A41239A83AD00A1DC75 /* SearchViewController.swift */ = {isa = PBXFileReference; fileEncoding = 4; lastKnownFileType = sourcecode.swift; path = SearchViewController.swift; sourceTree = "<group>"; };
		87554A42239A83AD00A1DC75 /* RecentSearchHeader.swift */ = {isa = PBXFileReference; fileEncoding = 4; lastKnownFileType = sourcecode.swift; path = RecentSearchHeader.swift; sourceTree = "<group>"; };
		87554A47239A83BC00A1DC75 /* RecentSearchHeader.xib */ = {isa = PBXFileReference; fileEncoding = 4; lastKnownFileType = file.xib; path = RecentSearchHeader.xib; sourceTree = "<group>"; };
		87554A48239A83BC00A1DC75 /* SearchResults.storyboard */ = {isa = PBXFileReference; fileEncoding = 4; lastKnownFileType = file.storyboard; path = SearchResults.storyboard; sourceTree = "<group>"; };
		87554A4C239A83C100A1DC75 /* RecentDelegate.swift */ = {isa = PBXFileReference; fileEncoding = 4; lastKnownFileType = sourcecode.swift; path = RecentDelegate.swift; sourceTree = "<group>"; };
		87554A4E239A844900A1DC75 /* RecipeResultsDelegate.swift */ = {isa = PBXFileReference; fileEncoding = 4; lastKnownFileType = sourcecode.swift; path = RecipeResultsDelegate.swift; sourceTree = "<group>"; };
		87554A52239A923200A1DC75 /* InfoCollectionViewCell.swift */ = {isa = PBXFileReference; fileEncoding = 4; lastKnownFileType = sourcecode.swift; path = InfoCollectionViewCell.swift; sourceTree = "<group>"; };
		87554A53239A923200A1DC75 /* HeaderView.swift */ = {isa = PBXFileReference; fileEncoding = 4; lastKnownFileType = sourcecode.swift; path = HeaderView.swift; sourceTree = "<group>"; };
		87554A54239A923200A1DC75 /* InfoCollectionView.swift */ = {isa = PBXFileReference; fileEncoding = 4; lastKnownFileType = sourcecode.swift; path = InfoCollectionView.swift; sourceTree = "<group>"; };
		87554A55239A923200A1DC75 /* InstructionStepView.swift */ = {isa = PBXFileReference; fileEncoding = 4; lastKnownFileType = sourcecode.swift; path = InstructionStepView.swift; sourceTree = "<group>"; };
		87554A56239A923200A1DC75 /* IngredientsCollectionView.swift */ = {isa = PBXFileReference; fileEncoding = 4; lastKnownFileType = sourcecode.swift; path = IngredientsCollectionView.swift; sourceTree = "<group>"; };
		87554A57239A923200A1DC75 /* RecipeViewController.swift */ = {isa = PBXFileReference; fileEncoding = 4; lastKnownFileType = sourcecode.swift; path = RecipeViewController.swift; sourceTree = "<group>"; };
		87554A58239A923200A1DC75 /* IngredientsCollectionViewCell.swift */ = {isa = PBXFileReference; fileEncoding = 4; lastKnownFileType = sourcecode.swift; path = IngredientsCollectionViewCell.swift; sourceTree = "<group>"; };
		87554A5B239A923200A1DC75 /* IngredientsCollectionViewCell.xib */ = {isa = PBXFileReference; fileEncoding = 4; lastKnownFileType = file.xib; path = IngredientsCollectionViewCell.xib; sourceTree = "<group>"; };
		87554A5C239A923200A1DC75 /* HeaderView.xib */ = {isa = PBXFileReference; fileEncoding = 4; lastKnownFileType = file.xib; path = HeaderView.xib; sourceTree = "<group>"; };
		87554A5D239A923200A1DC75 /* InstructionStepView.xib */ = {isa = PBXFileReference; fileEncoding = 4; lastKnownFileType = file.xib; path = InstructionStepView.xib; sourceTree = "<group>"; };
		87554A5E239A923200A1DC75 /* InfoCollectionViewCell.xib */ = {isa = PBXFileReference; fileEncoding = 4; lastKnownFileType = file.xib; path = InfoCollectionViewCell.xib; sourceTree = "<group>"; };
		87554A6A239D074700A1DC75 /* FavouriteViewViewModel.swift */ = {isa = PBXFileReference; lastKnownFileType = sourcecode.swift; path = FavouriteViewViewModel.swift; sourceTree = "<group>"; };
		87554A6C239D0A1F00A1DC75 /* Recipe.swift */ = {isa = PBXFileReference; lastKnownFileType = sourcecode.swift; path = Recipe.swift; sourceTree = "<group>"; };
		87554A6F239D0C3400A1DC75 /* Ingredient.swift */ = {isa = PBXFileReference; lastKnownFileType = sourcecode.swift; path = Ingredient.swift; sourceTree = "<group>"; };
		87554A76239D11B200A1DC75 /* RecipeViewViewModel.swift */ = {isa = PBXFileReference; lastKnownFileType = sourcecode.swift; path = RecipeViewViewModel.swift; sourceTree = "<group>"; };
		87554A78239D5CED00A1DC75 /* ResultsType.swift */ = {isa = PBXFileReference; lastKnownFileType = sourcecode.swift; path = ResultsType.swift; sourceTree = "<group>"; };
		87554A7B239D64DF00A1DC75 /* SearchResultsViewViewModel.swift */ = {isa = PBXFileReference; lastKnownFileType = sourcecode.swift; path = SearchResultsViewViewModel.swift; sourceTree = "<group>"; };
		87554A7E239D64F900A1DC75 /* SearchViewViewModel.swift */ = {isa = PBXFileReference; lastKnownFileType = sourcecode.swift; path = SearchViewViewModel.swift; sourceTree = "<group>"; };
		87554A81239D690D00A1DC75 /* Box.swift */ = {isa = PBXFileReference; lastKnownFileType = sourcecode.swift; path = Box.swift; sourceTree = "<group>"; };
		8791BDFF23A570490040DEBA /* MealsApp.xcdatamodel */ = {isa = PBXFileReference; lastKnownFileType = wrapper.xcdatamodel; path = MealsApp.xcdatamodel; sourceTree = "<group>"; };
		8791BE2323A5760C0040DEBA /* CoreDataStack.swift */ = {isa = PBXFileReference; lastKnownFileType = sourcecode.swift; path = CoreDataStack.swift; sourceTree = "<group>"; };
		8791BE2523A577AD0040DEBA /* RecipeDataManager.swift */ = {isa = PBXFileReference; lastKnownFileType = sourcecode.swift; path = RecipeDataManager.swift; sourceTree = "<group>"; };
		8791BE2723A63B1E0040DEBA /* HeaderViewDelegate.swift */ = {isa = PBXFileReference; lastKnownFileType = sourcecode.swift; path = HeaderViewDelegate.swift; sourceTree = "<group>"; };
		8791BE2923A7818D0040DEBA /* QueryDelegate.swift */ = {isa = PBXFileReference; lastKnownFileType = sourcecode.swift; path = QueryDelegate.swift; sourceTree = "<group>"; };
		87AD017023CF213600E5AECB /* RecentSearchManager.swift */ = {isa = PBXFileReference; lastKnownFileType = sourcecode.swift; path = RecentSearchManager.swift; sourceTree = "<group>"; };
		8AF853AFA911087274E5093F /* Pods_Meals_App.framework */ = {isa = PBXFileReference; explicitFileType = wrapper.framework; includeInIndex = 0; path = Pods_Meals_App.framework; sourceTree = BUILT_PRODUCTS_DIR; };
/* End PBXFileReference section */

/* Begin PBXFrameworksBuildPhase section */
		87554A042397C12600A1DC75 /* Frameworks */ = {
			isa = PBXFrameworksBuildPhase;
			buildActionMask = 2147483647;
			files = (
				289E67E98B8C58CA62F18815 /* Pods_Meals_App.framework in Frameworks */,
			);
			runOnlyForDeploymentPostprocessing = 0;
		};
/* End PBXFrameworksBuildPhase section */

/* Begin PBXGroup section */
		037C932AA451D989B76915BB /* Frameworks */ = {
			isa = PBXGroup;
			children = (
				8AF853AFA911087274E5093F /* Pods_Meals_App.framework */,
			);
			name = Frameworks;
			sourceTree = "<group>";
		};
		0AB8015BE89D4D1A827DC02B /* Pods */ = {
			isa = PBXGroup;
			children = (
				689F9E07DEEDF542E32A91CE /* Pods-Meals App.debug.xcconfig */,
				3000A17937FEF91AF65DE0FF /* Pods-Meals App.release.xcconfig */,
			);
			path = Pods;
			sourceTree = "<group>";
		};
		871602B6239EB06200463134 /* Network Manager */ = {
			isa = PBXGroup;
			children = (
				871602B7239EB10200463134 /* APIManager.swift */,
				871602B9239EB49700463134 /* ErrorManager.swift */,
				871602C3239F941300463134 /* URLConfigurator.swift */,
			);
			path = "Network Manager";
			sourceTree = "<group>";
		};
		875549FE2397C12600A1DC75 = {
			isa = PBXGroup;
			children = (
				87554A092397C12600A1DC75 /* Meals App */,
				87554A082397C12600A1DC75 /* Products */,
				0AB8015BE89D4D1A827DC02B /* Pods */,
				037C932AA451D989B76915BB /* Frameworks */,
			);
			sourceTree = "<group>";
		};
		87554A082397C12600A1DC75 /* Products */ = {
			isa = PBXGroup;
			children = (
				87554A072397C12600A1DC75 /* Meals App.app */,
			);
			name = Products;
			sourceTree = "<group>";
		};
		87554A092397C12600A1DC75 /* Meals App */ = {
			isa = PBXGroup;
			children = (
				87A98FBA23A3F14100AFE046 /* Core Data Stack */,
				871602B6239EB06200463134 /* Network Manager */,
				87554A80239D690100A1DC75 /* Boxing */,
				87554A50239A923200A1DC75 /* Recipe VIew */,
				87554A3C239A836300A1DC75 /* Search Tab */,
				87554A33239A7CBC00A1DC75 /* Favourite Tab */,
				87554A27239A764A00A1DC75 /* Recipe Cell */,
				87554A6E239D0A2400A1DC75 /* Recipe */,
				87554A0A2397C12600A1DC75 /* AppDelegate.swift */,
				87554A0C2397C12600A1DC75 /* SceneDelegate.swift */,
				87554A102397C12600A1DC75 /* Main.storyboard */,
				87554A132397C12800A1DC75 /* Assets.xcassets */,
				87554A152397C12800A1DC75 /* LaunchScreen.storyboard */,
				87554A182397C12800A1DC75 /* Info.plist */,
			);
			path = "Meals App";
			sourceTree = "<group>";
		};
		87554A27239A764A00A1DC75 /* Recipe Cell */ = {
			isa = PBXGroup;
			children = (
				87554A29239A76D200A1DC75 /* Controller */,
				87554A28239A76C400A1DC75 /* View */,
			);
			path = "Recipe Cell";
			sourceTree = "<group>";
		};
		87554A28239A76C400A1DC75 /* View */ = {
			isa = PBXGroup;
			children = (
				87554A2B239A771600A1DC75 /* RecipeCell.xib */,
			);
			path = View;
			sourceTree = "<group>";
		};
		87554A29239A76D200A1DC75 /* Controller */ = {
			isa = PBXGroup;
			children = (
				87554A2D239A772400A1DC75 /* RecipeCell.swift */,
			);
			path = Controller;
			sourceTree = "<group>";
		};
		87554A33239A7CBC00A1DC75 /* Favourite Tab */ = {
			isa = PBXGroup;
			children = (
				87554A37239A7CE900A1DC75 /* ViewModels */,
				87554A36239A7CE200A1DC75 /* Controllers */,
				87554A34239A7CCE00A1DC75 /* Model */,
			);
			path = "Favourite Tab";
			sourceTree = "<group>";
		};
		87554A34239A7CCE00A1DC75 /* Model */ = {
			isa = PBXGroup;
			children = (
				87554A78239D5CED00A1DC75 /* ResultsType.swift */,
				8791BE2523A577AD0040DEBA /* RecipeDataManager.swift */,
			);
			path = Model;
			sourceTree = "<group>";
		};
		87554A36239A7CE200A1DC75 /* Controllers */ = {
			isa = PBXGroup;
			children = (
				87554A38239A7D1900A1DC75 /* FavouriteViewController.swift */,
			);
			path = Controllers;
			sourceTree = "<group>";
		};
		87554A37239A7CE900A1DC75 /* ViewModels */ = {
			isa = PBXGroup;
			children = (
				87554A6A239D074700A1DC75 /* FavouriteViewViewModel.swift */,
			);
			path = ViewModels;
			sourceTree = "<group>";
		};
		87554A3C239A836300A1DC75 /* Search Tab */ = {
			isa = PBXGroup;
			children = (
				87554A7A239D649700A1DC75 /* ViewModels */,
				87554A4B239A83C100A1DC75 /* Model */,
				87554A46239A83BC00A1DC75 /* View */,
				87554A3F239A83AD00A1DC75 /* Controllers */,
			);
			path = "Search Tab";
			sourceTree = "<group>";
		};
		87554A3F239A83AD00A1DC75 /* Controllers */ = {
			isa = PBXGroup;
			children = (
				87554A40239A83AD00A1DC75 /* SearchResultsController.swift */,
				87554A41239A83AD00A1DC75 /* SearchViewController.swift */,
				87554A42239A83AD00A1DC75 /* RecentSearchHeader.swift */,
			);
			path = Controllers;
			sourceTree = "<group>";
		};
		87554A46239A83BC00A1DC75 /* View */ = {
			isa = PBXGroup;
			children = (
				87554A47239A83BC00A1DC75 /* RecentSearchHeader.xib */,
				87554A48239A83BC00A1DC75 /* SearchResults.storyboard */,
			);
			path = View;
			sourceTree = "<group>";
		};
		87554A4B239A83C100A1DC75 /* Model */ = {
			isa = PBXGroup;
			children = (
				87554A4C239A83C100A1DC75 /* RecentDelegate.swift */,
				8791BE2923A7818D0040DEBA /* QueryDelegate.swift */,
				87AD017023CF213600E5AECB /* RecentSearchManager.swift */,
			);
			path = Model;
			sourceTree = "<group>";
		};
		87554A50239A923200A1DC75 /* Recipe VIew */ = {
			isa = PBXGroup;
			children = (
				87554A75239D118000A1DC75 /* VIewModels */,
				87554A51239A923200A1DC75 /* Controllers */,
				87554A59239A923200A1DC75 /* Model */,
				87554A5A239A923200A1DC75 /* Views */,
			);
			path = "Recipe VIew";
			sourceTree = "<group>";
		};
		87554A51239A923200A1DC75 /* Controllers */ = {
			isa = PBXGroup;
			children = (
				87554A74239D116200A1DC75 /* Subviews */,
				87554A73239D112A00A1DC75 /* Cells */,
				87554A57239A923200A1DC75 /* RecipeViewController.swift */,
			);
			path = Controllers;
			sourceTree = "<group>";
		};
		87554A59239A923200A1DC75 /* Model */ = {
			isa = PBXGroup;
			children = (
				8791BE2723A63B1E0040DEBA /* HeaderViewDelegate.swift */,
			);
			path = Model;
			sourceTree = "<group>";
		};
		87554A5A239A923200A1DC75 /* Views */ = {
			isa = PBXGroup;
			children = (
				87554A5B239A923200A1DC75 /* IngredientsCollectionViewCell.xib */,
				87554A5C239A923200A1DC75 /* HeaderView.xib */,
				87554A5D239A923200A1DC75 /* InstructionStepView.xib */,
				87554A5E239A923200A1DC75 /* InfoCollectionViewCell.xib */,
			);
			path = Views;
			sourceTree = "<group>";
		};
		87554A6E239D0A2400A1DC75 /* Recipe */ = {
			isa = PBXGroup;
			children = (
				8791BE2C23A78D910040DEBA /* Delegate */,
				8791BE2B23A78D660040DEBA /* RecipeManager */,
				87554A6C239D0A1F00A1DC75 /* Recipe.swift */,
				87554A6F239D0C3400A1DC75 /* Ingredient.swift */,
				871602C523A0014500463134 /* RecipeInstruction.swift */,
				871602BF239ECBA300463134 /* SearchRecipe.swift */,
				871602C723A0039F00463134 /* RecipeInfo.swift */,
			);
			path = Recipe;
			sourceTree = "<group>";
		};
		87554A73239D112A00A1DC75 /* Cells */ = {
			isa = PBXGroup;
			children = (
				87554A58239A923200A1DC75 /* IngredientsCollectionViewCell.swift */,
				87554A52239A923200A1DC75 /* InfoCollectionViewCell.swift */,
			);
			path = Cells;
			sourceTree = "<group>";
		};
		87554A74239D116200A1DC75 /* Subviews */ = {
			isa = PBXGroup;
			children = (
				87554A53239A923200A1DC75 /* HeaderView.swift */,
				87554A54239A923200A1DC75 /* InfoCollectionView.swift */,
				87554A56239A923200A1DC75 /* IngredientsCollectionView.swift */,
				87554A55239A923200A1DC75 /* InstructionStepView.swift */,
			);
			path = Subviews;
			sourceTree = "<group>";
		};
		87554A75239D118000A1DC75 /* VIewModels */ = {
			isa = PBXGroup;
			children = (
				87554A76239D11B200A1DC75 /* RecipeViewViewModel.swift */,
			);
			path = VIewModels;
			sourceTree = "<group>";
		};
		87554A7A239D649700A1DC75 /* ViewModels */ = {
			isa = PBXGroup;
			children = (
				87554A7B239D64DF00A1DC75 /* SearchResultsViewViewModel.swift */,
				87554A7E239D64F900A1DC75 /* SearchViewViewModel.swift */,
			);
			path = ViewModels;
			sourceTree = "<group>";
		};
		87554A80239D690100A1DC75 /* Boxing */ = {
			isa = PBXGroup;
			children = (
				87554A81239D690D00A1DC75 /* Box.swift */,
			);
			path = Boxing;
			sourceTree = "<group>";
		};
		8791BE2B23A78D660040DEBA /* RecipeManager */ = {
			isa = PBXGroup;
			children = (
				871602C923A0078300463134 /* APIRecipeManager.swift */,
			);
			path = RecipeManager;
			sourceTree = "<group>";
		};
		8791BE2C23A78D910040DEBA /* Delegate */ = {
			isa = PBXGroup;
			children = (
				87554A4E239A844900A1DC75 /* RecipeResultsDelegate.swift */,
			);
			path = Delegate;
			sourceTree = "<group>";
		};
		87A98FBA23A3F14100AFE046 /* Core Data Stack */ = {
			isa = PBXGroup;
			children = (
				8791BDFE23A570490040DEBA /* MealsApp.xcdatamodeld */,
				8791BE2323A5760C0040DEBA /* CoreDataStack.swift */,
			);
			path = "Core Data Stack";
			sourceTree = "<group>";
		};
/* End PBXGroup section */

/* Begin PBXNativeTarget section */
		87554A062397C12600A1DC75 /* Meals App */ = {
			isa = PBXNativeTarget;
			buildConfigurationList = 87554A1B2397C12800A1DC75 /* Build configuration list for PBXNativeTarget "Meals App" */;
			buildPhases = (
				2DBB6EA140BC12A532E381A2 /* [CP] Check Pods Manifest.lock */,
				87554A032397C12600A1DC75 /* Sources */,
				87554A042397C12600A1DC75 /* Frameworks */,
				87554A052397C12600A1DC75 /* Resources */,
				DB4B313CB61B7F4EC19CD892 /* [CP] Embed Pods Frameworks */,
			);
			buildRules = (
			);
			dependencies = (
			);
			name = "Meals App";
			productName = "Meals App";
			productReference = 87554A072397C12600A1DC75 /* Meals App.app */;
			productType = "com.apple.product-type.application";
		};
/* End PBXNativeTarget section */

/* Begin PBXProject section */
		875549FF2397C12600A1DC75 /* Project object */ = {
			isa = PBXProject;
			attributes = {
				LastSwiftUpdateCheck = 1120;
				LastUpgradeCheck = 1120;
				ORGANIZATIONNAME = "Сергей";
				TargetAttributes = {
					87554A062397C12600A1DC75 = {
						CreatedOnToolsVersion = 11.2.1;
					};
				};
			};
			buildConfigurationList = 87554A022397C12600A1DC75 /* Build configuration list for PBXProject "Meals App" */;
			compatibilityVersion = "Xcode 9.3";
			developmentRegion = en;
			hasScannedForEncodings = 0;
			knownRegions = (
				en,
				Base,
			);
			mainGroup = 875549FE2397C12600A1DC75;
			productRefGroup = 87554A082397C12600A1DC75 /* Products */;
			projectDirPath = "";
			projectRoot = "";
			targets = (
				87554A062397C12600A1DC75 /* Meals App */,
			);
		};
/* End PBXProject section */

/* Begin PBXResourcesBuildPhase section */
		87554A052397C12600A1DC75 /* Resources */ = {
			isa = PBXResourcesBuildPhase;
			buildActionMask = 2147483647;
			files = (
				87554A68239A923200A1DC75 /* InstructionStepView.xib in Resources */,
				87554A66239A923200A1DC75 /* IngredientsCollectionViewCell.xib in Resources */,
				87554A49239A83BC00A1DC75 /* RecentSearchHeader.xib in Resources */,
				87554A172397C12800A1DC75 /* LaunchScreen.storyboard in Resources */,
				87554A69239A923200A1DC75 /* InfoCollectionViewCell.xib in Resources */,
				87554A67239A923200A1DC75 /* HeaderView.xib in Resources */,
				87554A142397C12800A1DC75 /* Assets.xcassets in Resources */,
				87554A4A239A83BC00A1DC75 /* SearchResults.storyboard in Resources */,
				87554A122397C12600A1DC75 /* Main.storyboard in Resources */,
				87554A2C239A771600A1DC75 /* RecipeCell.xib in Resources */,
			);
			runOnlyForDeploymentPostprocessing = 0;
		};
/* End PBXResourcesBuildPhase section */

/* Begin PBXShellScriptBuildPhase section */
		2DBB6EA140BC12A532E381A2 /* [CP] Check Pods Manifest.lock */ = {
			isa = PBXShellScriptBuildPhase;
			buildActionMask = 2147483647;
			files = (
			);
			inputFileListPaths = (
			);
			inputPaths = (
				"${PODS_PODFILE_DIR_PATH}/Podfile.lock",
				"${PODS_ROOT}/Manifest.lock",
			);
			name = "[CP] Check Pods Manifest.lock";
			outputFileListPaths = (
			);
			outputPaths = (
				"$(DERIVED_FILE_DIR)/Pods-Meals App-checkManifestLockResult.txt",
			);
			runOnlyForDeploymentPostprocessing = 0;
			shellPath = /bin/sh;
			shellScript = "diff \"${PODS_PODFILE_DIR_PATH}/Podfile.lock\" \"${PODS_ROOT}/Manifest.lock\" > /dev/null\nif [ $? != 0 ] ; then\n    # print error to STDERR\n    echo \"error: The sandbox is not in sync with the Podfile.lock. Run 'pod install' or update your CocoaPods installation.\" >&2\n    exit 1\nfi\n# This output is used by Xcode 'outputs' to avoid re-running this script phase.\necho \"SUCCESS\" > \"${SCRIPT_OUTPUT_FILE_0}\"\n";
			showEnvVarsInLog = 0;
		};
		DB4B313CB61B7F4EC19CD892 /* [CP] Embed Pods Frameworks */ = {
			isa = PBXShellScriptBuildPhase;
			buildActionMask = 2147483647;
			files = (
			);
			inputFileListPaths = (
				"${PODS_ROOT}/Target Support Files/Pods-Meals App/Pods-Meals App-frameworks-${CONFIGURATION}-input-files.xcfilelist",
			);
			name = "[CP] Embed Pods Frameworks";
			outputFileListPaths = (
				"${PODS_ROOT}/Target Support Files/Pods-Meals App/Pods-Meals App-frameworks-${CONFIGURATION}-output-files.xcfilelist",
			);
			runOnlyForDeploymentPostprocessing = 0;
			shellPath = /bin/sh;
			shellScript = "\"${PODS_ROOT}/Target Support Files/Pods-Meals App/Pods-Meals App-frameworks.sh\"\n";
			showEnvVarsInLog = 0;
		};
/* End PBXShellScriptBuildPhase section */

/* Begin PBXSourcesBuildPhase section */
		87554A032397C12600A1DC75 /* Sources */ = {
			isa = PBXSourcesBuildPhase;
			buildActionMask = 2147483647;
			files = (
				8791BE2423A5760C0040DEBA /* CoreDataStack.swift in Sources */,
				87554A39239A7D1900A1DC75 /* FavouriteViewController.swift in Sources */,
				87554A4F239A844900A1DC75 /* RecipeResultsDelegate.swift in Sources */,
				871602BA239EB49700463134 /* ErrorManager.swift in Sources */,
				87554A44239A83AD00A1DC75 /* SearchViewController.swift in Sources */,
				871602B8239EB10200463134 /* APIManager.swift in Sources */,
				87554A7F239D64F900A1DC75 /* SearchViewViewModel.swift in Sources */,
				8791BE2A23A7818D0040DEBA /* QueryDelegate.swift in Sources */,
				87554A2E239A772400A1DC75 /* RecipeCell.swift in Sources */,
				871602CA23A0078300463134 /* APIRecipeManager.swift in Sources */,
				87554A45239A83AD00A1DC75 /* RecentSearchHeader.swift in Sources */,
				87554A63239A923200A1DC75 /* IngredientsCollectionView.swift in Sources */,
				871602C0239ECBA300463134 /* SearchRecipe.swift in Sources */,
				87554A79239D5CED00A1DC75 /* ResultsType.swift in Sources */,
				8791BE0023A570490040DEBA /* MealsApp.xcdatamodeld in Sources */,
				87554A0B2397C12600A1DC75 /* AppDelegate.swift in Sources */,
				871602C623A0014500463134 /* RecipeInstruction.swift in Sources */,
				87554A77239D11B200A1DC75 /* RecipeViewViewModel.swift in Sources */,
				8791BE2623A577AD0040DEBA /* RecipeDataManager.swift in Sources */,
				871602C823A0039F00463134 /* RecipeInfo.swift in Sources */,
				8791BE2823A63B1E0040DEBA /* HeaderViewDelegate.swift in Sources */,
				87554A62239A923200A1DC75 /* InstructionStepView.swift in Sources */,
				87554A65239A923200A1DC75 /* IngredientsCollectionViewCell.swift in Sources */,
				87554A61239A923200A1DC75 /* InfoCollectionView.swift in Sources */,
				87554A60239A923200A1DC75 /* HeaderView.swift in Sources */,
				87554A70239D0C3400A1DC75 /* Ingredient.swift in Sources */,
				87554A43239A83AD00A1DC75 /* SearchResultsController.swift in Sources */,
				871602C4239F941300463134 /* URLConfigurator.swift in Sources */,
				87554A64239A923200A1DC75 /* RecipeViewController.swift in Sources */,
				87554A82239D690D00A1DC75 /* Box.swift in Sources */,
				87554A6B239D074700A1DC75 /* FavouriteViewViewModel.swift in Sources */,
				87554A0D2397C12600A1DC75 /* SceneDelegate.swift in Sources */,
				87554A7C239D64DF00A1DC75 /* SearchResultsViewViewModel.swift in Sources */,
				87554A6D239D0A1F00A1DC75 /* Recipe.swift in Sources */,
				87554A5F239A923200A1DC75 /* InfoCollectionViewCell.swift in Sources */,
				87554A4D239A83C100A1DC75 /* RecentDelegate.swift in Sources */,
				87AD017123CF213600E5AECB /* RecentSearchManager.swift in Sources */,
			);
			runOnlyForDeploymentPostprocessing = 0;
		};
/* End PBXSourcesBuildPhase section */

/* Begin PBXVariantGroup section */
		87554A102397C12600A1DC75 /* Main.storyboard */ = {
			isa = PBXVariantGroup;
			children = (
				87554A112397C12600A1DC75 /* Base */,
			);
			name = Main.storyboard;
			sourceTree = "<group>";
		};
		87554A152397C12800A1DC75 /* LaunchScreen.storyboard */ = {
			isa = PBXVariantGroup;
			children = (
				87554A162397C12800A1DC75 /* Base */,
			);
			name = LaunchScreen.storyboard;
			sourceTree = "<group>";
		};
/* End PBXVariantGroup section */

/* Begin XCBuildConfiguration section */
		87554A192397C12800A1DC75 /* Debug */ = {
			isa = XCBuildConfiguration;
			buildSettings = {
				ALWAYS_SEARCH_USER_PATHS = NO;
				CLANG_ANALYZER_NONNULL = YES;
				CLANG_ANALYZER_NUMBER_OBJECT_CONVERSION = YES_AGGRESSIVE;
				CLANG_CXX_LANGUAGE_STANDARD = "gnu++14";
				CLANG_CXX_LIBRARY = "libc++";
				CLANG_ENABLE_MODULES = YES;
				CLANG_ENABLE_OBJC_ARC = YES;
				CLANG_ENABLE_OBJC_WEAK = YES;
				CLANG_WARN_BLOCK_CAPTURE_AUTORELEASING = YES;
				CLANG_WARN_BOOL_CONVERSION = YES;
				CLANG_WARN_COMMA = YES;
				CLANG_WARN_CONSTANT_CONVERSION = YES;
				CLANG_WARN_DEPRECATED_OBJC_IMPLEMENTATIONS = YES;
				CLANG_WARN_DIRECT_OBJC_ISA_USAGE = YES_ERROR;
				CLANG_WARN_DOCUMENTATION_COMMENTS = YES;
				CLANG_WARN_EMPTY_BODY = YES;
				CLANG_WARN_ENUM_CONVERSION = YES;
				CLANG_WARN_INFINITE_RECURSION = YES;
				CLANG_WARN_INT_CONVERSION = YES;
				CLANG_WARN_NON_LITERAL_NULL_CONVERSION = YES;
				CLANG_WARN_OBJC_IMPLICIT_RETAIN_SELF = YES;
				CLANG_WARN_OBJC_LITERAL_CONVERSION = YES;
				CLANG_WARN_OBJC_ROOT_CLASS = YES_ERROR;
				CLANG_WARN_RANGE_LOOP_ANALYSIS = YES;
				CLANG_WARN_STRICT_PROTOTYPES = YES;
				CLANG_WARN_SUSPICIOUS_MOVE = YES;
				CLANG_WARN_UNGUARDED_AVAILABILITY = YES_AGGRESSIVE;
				CLANG_WARN_UNREACHABLE_CODE = YES;
				CLANG_WARN__DUPLICATE_METHOD_MATCH = YES;
				COPY_PHASE_STRIP = NO;
				DEBUG_INFORMATION_FORMAT = dwarf;
				ENABLE_STRICT_OBJC_MSGSEND = YES;
				ENABLE_TESTABILITY = YES;
				GCC_C_LANGUAGE_STANDARD = gnu11;
				GCC_DYNAMIC_NO_PIC = NO;
				GCC_NO_COMMON_BLOCKS = YES;
				GCC_OPTIMIZATION_LEVEL = 0;
				GCC_PREPROCESSOR_DEFINITIONS = (
					"DEBUG=1",
					"$(inherited)",
				);
				GCC_WARN_64_TO_32_BIT_CONVERSION = YES;
				GCC_WARN_ABOUT_RETURN_TYPE = YES_ERROR;
				GCC_WARN_UNDECLARED_SELECTOR = YES;
				GCC_WARN_UNINITIALIZED_AUTOS = YES_AGGRESSIVE;
				GCC_WARN_UNUSED_FUNCTION = YES;
				GCC_WARN_UNUSED_VARIABLE = YES;
				IPHONEOS_DEPLOYMENT_TARGET = 13.2;
				MTL_ENABLE_DEBUG_INFO = INCLUDE_SOURCE;
				MTL_FAST_MATH = YES;
				ONLY_ACTIVE_ARCH = YES;
				SDKROOT = iphoneos;
				SWIFT_ACTIVE_COMPILATION_CONDITIONS = DEBUG;
				SWIFT_OPTIMIZATION_LEVEL = "-Onone";
			};
			name = Debug;
		};
		87554A1A2397C12800A1DC75 /* Release */ = {
			isa = XCBuildConfiguration;
			buildSettings = {
				ALWAYS_SEARCH_USER_PATHS = NO;
				CLANG_ANALYZER_NONNULL = YES;
				CLANG_ANALYZER_NUMBER_OBJECT_CONVERSION = YES_AGGRESSIVE;
				CLANG_CXX_LANGUAGE_STANDARD = "gnu++14";
				CLANG_CXX_LIBRARY = "libc++";
				CLANG_ENABLE_MODULES = YES;
				CLANG_ENABLE_OBJC_ARC = YES;
				CLANG_ENABLE_OBJC_WEAK = YES;
				CLANG_WARN_BLOCK_CAPTURE_AUTORELEASING = YES;
				CLANG_WARN_BOOL_CONVERSION = YES;
				CLANG_WARN_COMMA = YES;
				CLANG_WARN_CONSTANT_CONVERSION = YES;
				CLANG_WARN_DEPRECATED_OBJC_IMPLEMENTATIONS = YES;
				CLANG_WARN_DIRECT_OBJC_ISA_USAGE = YES_ERROR;
				CLANG_WARN_DOCUMENTATION_COMMENTS = YES;
				CLANG_WARN_EMPTY_BODY = YES;
				CLANG_WARN_ENUM_CONVERSION = YES;
				CLANG_WARN_INFINITE_RECURSION = YES;
				CLANG_WARN_INT_CONVERSION = YES;
				CLANG_WARN_NON_LITERAL_NULL_CONVERSION = YES;
				CLANG_WARN_OBJC_IMPLICIT_RETAIN_SELF = YES;
				CLANG_WARN_OBJC_LITERAL_CONVERSION = YES;
				CLANG_WARN_OBJC_ROOT_CLASS = YES_ERROR;
				CLANG_WARN_RANGE_LOOP_ANALYSIS = YES;
				CLANG_WARN_STRICT_PROTOTYPES = YES;
				CLANG_WARN_SUSPICIOUS_MOVE = YES;
				CLANG_WARN_UNGUARDED_AVAILABILITY = YES_AGGRESSIVE;
				CLANG_WARN_UNREACHABLE_CODE = YES;
				CLANG_WARN__DUPLICATE_METHOD_MATCH = YES;
				COPY_PHASE_STRIP = NO;
				DEBUG_INFORMATION_FORMAT = "dwarf-with-dsym";
				ENABLE_NS_ASSERTIONS = NO;
				ENABLE_STRICT_OBJC_MSGSEND = YES;
				GCC_C_LANGUAGE_STANDARD = gnu11;
				GCC_NO_COMMON_BLOCKS = YES;
				GCC_WARN_64_TO_32_BIT_CONVERSION = YES;
				GCC_WARN_ABOUT_RETURN_TYPE = YES_ERROR;
				GCC_WARN_UNDECLARED_SELECTOR = YES;
				GCC_WARN_UNINITIALIZED_AUTOS = YES_AGGRESSIVE;
				GCC_WARN_UNUSED_FUNCTION = YES;
				GCC_WARN_UNUSED_VARIABLE = YES;
				IPHONEOS_DEPLOYMENT_TARGET = 13.2;
				MTL_ENABLE_DEBUG_INFO = NO;
				MTL_FAST_MATH = YES;
				SDKROOT = iphoneos;
				SWIFT_COMPILATION_MODE = wholemodule;
				SWIFT_OPTIMIZATION_LEVEL = "-O";
				VALIDATE_PRODUCT = YES;
			};
			name = Release;
		};
		87554A1C2397C12800A1DC75 /* Debug */ = {
			isa = XCBuildConfiguration;
			baseConfigurationReference = 689F9E07DEEDF542E32A91CE /* Pods-Meals App.debug.xcconfig */;
			buildSettings = {
				ASSETCATALOG_COMPILER_APPICON_NAME = AppIcon;
				CODE_SIGN_STYLE = Automatic;
				DEVELOPMENT_TEAM = S2R484H276;
				INFOPLIST_FILE = "Meals App/Info.plist";
				IPHONEOS_DEPLOYMENT_TARGET = 13.1;
				LD_RUNPATH_SEARCH_PATHS = (
					"$(inherited)",
					"@executable_path/Frameworks",
				);
				MARKETING_VERSION = 0.1;
				PRODUCT_BUNDLE_IDENTIFIER = "com.ioscourse.Meals-App";
				PRODUCT_NAME = "$(TARGET_NAME)";
				SWIFT_VERSION = 5.0;
				TARGETED_DEVICE_FAMILY = "1,2";
			};
			name = Debug;
		};
		87554A1D2397C12800A1DC75 /* Release */ = {
			isa = XCBuildConfiguration;
			baseConfigurationReference = 3000A17937FEF91AF65DE0FF /* Pods-Meals App.release.xcconfig */;
			buildSettings = {
				ASSETCATALOG_COMPILER_APPICON_NAME = AppIcon;
				CODE_SIGN_STYLE = Automatic;
				DEVELOPMENT_TEAM = S2R484H276;
				INFOPLIST_FILE = "Meals App/Info.plist";
				IPHONEOS_DEPLOYMENT_TARGET = 13.1;
				LD_RUNPATH_SEARCH_PATHS = (
					"$(inherited)",
					"@executable_path/Frameworks",
				);
				MARKETING_VERSION = 0.1;
				PRODUCT_BUNDLE_IDENTIFIER = "com.ioscourse.Meals-App";
				PRODUCT_NAME = "$(TARGET_NAME)";
				SWIFT_VERSION = 5.0;
				TARGETED_DEVICE_FAMILY = "1,2";
			};
			name = Release;
		};
/* End XCBuildConfiguration section */

/* Begin XCConfigurationList section */
		87554A022397C12600A1DC75 /* Build configuration list for PBXProject "Meals App" */ = {
			isa = XCConfigurationList;
			buildConfigurations = (
				87554A192397C12800A1DC75 /* Debug */,
				87554A1A2397C12800A1DC75 /* Release */,
			);
			defaultConfigurationIsVisible = 0;
			defaultConfigurationName = Release;
		};
		87554A1B2397C12800A1DC75 /* Build configuration list for PBXNativeTarget "Meals App" */ = {
			isa = XCConfigurationList;
			buildConfigurations = (
				87554A1C2397C12800A1DC75 /* Debug */,
				87554A1D2397C12800A1DC75 /* Release */,
			);
			defaultConfigurationIsVisible = 0;
			defaultConfigurationName = Release;
		};
/* End XCConfigurationList section */

/* Begin XCVersionGroup section */
		8791BDFE23A570490040DEBA /* MealsApp.xcdatamodeld */ = {
			isa = XCVersionGroup;
			children = (
				8791BDFF23A570490040DEBA /* MealsApp.xcdatamodel */,
			);
			currentVersion = 8791BDFF23A570490040DEBA /* MealsApp.xcdatamodel */;
			path = MealsApp.xcdatamodeld;
			sourceTree = "<group>";
			versionGroupType = wrapper.xcdatamodel;
		};
/* End XCVersionGroup section */
	};
	rootObject = 875549FF2397C12600A1DC75 /* Project object */;
}
